{
  "name": "screenplay-webview",
  "version": "0.0.1",
  "lockfileVersion": 3,
  "requires": true,
  "packages": {
    "": {
      "name": "screenplay-webview",
      "version": "0.0.1",
      "dependencies": {
        "@impower/spark-editor-protocol": "file:../../../packages/spark-editor-protocol",
        "@impower/sparkdown-document-views": "file:../../../packages/sparkdown-document-views",
        "@impower/sparkle-screen-preview": "file:../../../packages/sparkle-screen-preview"
      },
      "peerDependencies": {
        "@lezer/common": "^1.2.3"
      }
    },
    "../../../packages/spark-editor-protocol": {
      "name": "@impower/spark-editor-protocol",
      "version": "0.0.1",
      "dependencies": {
        "vscode-languageserver-protocol": "^3.17.5"
      }
    },
    "../../../packages/sparkdown-document-views": {
      "name": "@impower/sparkdown-document-views",
      "version": "0.0.1",
      "dependencies": {
        "@codemirror/autocomplete": "^6.19.0",
        "@codemirror/collab": "^6.1.1",
        "@codemirror/commands": "^6.9.0",
        "@codemirror/lint": "^6.9.0",
        "@codemirror/search": "^6.5.11",
        "@codemirror/state": "^6.5.2",
        "@codemirror/view": "^6.38.6",
        "@impower/codemirror-vscode-language": "file:../codemirror-vscode-language",
        "@impower/jsonrpc": "file:../jsonrpc",
        "@impower/spark-dom": "file:../spark-dom",
        "@impower/spark-editor-protocol": "file:../spark-editor-protocol",
        "@impower/spark-engine": "file:../spark-engine",
        "@impower/sparkdown": "file:../sparkdown",
        "@impower/textmate-grammar-tree": "file:../textmate-grammar-tree",
        "@lezer/common": "^1.2.3"
      }
    },
    "../../../packages/sparkle-screen-preview": {
      "name": "@impower/sparkle-screen-preview",
      "version": "0.0.1"
    },
    "node_modules/@impower/spark-editor-protocol": {
      "resolved": "../../../packages/spark-editor-protocol",
      "link": true
    },
    "node_modules/@impower/sparkdown-document-views": {
      "resolved": "../../../packages/sparkdown-document-views",
      "link": true
    },
    "node_modules/@impower/sparkle-screen-preview": {
      "resolved": "../../../packages/sparkle-screen-preview",
      "link": true
    },
    "node_modules/@lezer/common": {
      "version": "1.2.3",
      "resolved": "https://registry.npmjs.org/@lezer/common/-/common-1.2.3.tgz",
      "integrity": "sha512-w7ojc8ejBqr2REPsWxJjrMFsA/ysDCFICn8zEOR9mrqzOu2amhITYuLD8ag6XZf0CFXDrhKqw7+tW8cX66NaDA==",
      "license": "MIT",
      "peer": true
    }
  }
}
