{
  "name": "@impower/sparkdown-language-server",
  "version": "1.0.0",
  "lockfileVersion": 3,
  "requires": true,
  "packages": {
    "": {
      "name": "@impower/sparkdown-language-server",
      "version": "1.0.0",
      "dependencies": {
        "@impower/jsonrpc": "file:../jsonrpc",
        "@impower/spark-editor-protocol": "file:../spark-editor-protocol",
        "@impower/sparkdown": "file:../sparkdown",
        "@impower/sparkdown-document-views": "file:../sparkdown-document-views",
        "@impower/textmate-grammar-tree": "file:../textmate-grammar-tree",
        "colord": "^2.9.3",
        "vscode-languageserver": "^9.0.1",
        "vscode-languageserver-textdocument": "^1.0.12"
      },
      "devDependencies": {
        "@types/node": "^22.13.4",
        "chokidar": "^4.0.3",
        "esbuild": "^0.25.0"
      },
      "engines": {
        "node": "*"
      },
      "peerDependencies": {
        "@codemirror/state": "^6.5.2",
        "@lezer/common": "^1.2.3"
      }
    },
    "../codemirror-vscode-language": {
      "name": "@impower/codemirror-vscode-language",
      "version": "1.0.0",
      "peerDependencies": {
        "@codemirror/autocomplete": "^6.19.0",
        "@codemirror/language": "^6.11.3",
        "@codemirror/state": "^6.5.2",
        "@codemirror/view": "^6.38.6",
        "@impower/textmate-grammar-tree": "file:../textmate-grammar-tree",
        "@lezer/common": "^1.2.3"
      }
    },
    "../codemirror-vscode-language/node_modules/@codemirror/autocomplete": {
      "version": "6.19.0",
      "license": "MIT",
      "peer": true,
      "dependencies": {
        "@codemirror/language": "^6.0.0",
        "@codemirror/state": "^6.0.0",
        "@codemirror/view": "^6.17.0",
        "@lezer/common": "^1.0.0"
      }
    },
    "../codemirror-vscode-language/node_modules/@codemirror/language": {
      "version": "6.11.3",
      "license": "MIT",
      "peer": true,
      "dependencies": {
        "@codemirror/state": "^6.0.0",
        "@codemirror/view": "^6.23.0",
        "@lezer/common": "^1.1.0",
        "@lezer/highlight": "^1.0.0",
        "@lezer/lr": "^1.0.0",
        "style-mod": "^4.0.0"
      }
    },
    "../codemirror-vscode-language/node_modules/@codemirror/state": {
      "version": "6.5.2",
      "license": "MIT",
      "peer": true,
      "dependencies": {
        "@marijn/find-cluster-break": "^1.0.0"
      }
    },
    "../codemirror-vscode-language/node_modules/@codemirror/view": {
      "version": "6.38.6",
      "license": "MIT",
      "peer": true,
      "dependencies": {
        "@codemirror/state": "^6.5.0",
        "crelt": "^1.0.6",
        "style-mod": "^4.1.0",
        "w3c-keyname": "^2.2.4"
      }
    },
    "../codemirror-vscode-language/node_modules/@impower/textmate-grammar-tree": {
      "resolved": "../textmate-grammar-tree",
      "link": true
    },
    "../codemirror-vscode-language/node_modules/@lezer/common": {
      "version": "1.2.3",
      "license": "MIT",
      "peer": true
    },
    "../codemirror-vscode-language/node_modules/@lezer/highlight": {
      "version": "1.2.1",
      "license": "MIT",
      "peer": true,
      "dependencies": {
        "@lezer/common": "^1.0.0"
      }
    },
    "../codemirror-vscode-language/node_modules/@lezer/lr": {
      "version": "1.4.2",
      "license": "MIT",
      "peer": true,
      "dependencies": {
        "@lezer/common": "^1.0.0"
      }
    },
    "../codemirror-vscode-language/node_modules/@marijn/find-cluster-break": {
      "version": "1.0.2",
      "license": "MIT",
      "peer": true
    },
    "../codemirror-vscode-language/node_modules/crelt": {
      "version": "1.0.6",
      "license": "MIT",
      "peer": true
    },
    "../codemirror-vscode-language/node_modules/style-mod": {
      "version": "4.1.2",
      "license": "MIT",
      "peer": true
    },
    "../codemirror-vscode-language/node_modules/w3c-keyname": {
      "version": "2.2.8",
      "license": "MIT",
      "peer": true
    },
    "../jsonrpc": {
      "name": "@impower/jsonrpc",
      "version": "0.0.1"
    },
    "../spark-dom": {
      "name": "@impower/spark-dom",
      "version": "0.0.1",
      "dependencies": {
        "@impower/spark-engine": "file:../spark-engine"
      }
    },
    "../spark-editor-protocol": {
      "name": "@impower/spark-editor-protocol",
      "version": "0.0.1",
      "dependencies": {
        "vscode-languageserver-protocol": "^3.17.5"
      }
    },
    "../spark-editor-protocol/node_modules/vscode-jsonrpc": {
      "version": "8.2.0",
      "license": "MIT",
      "engines": {
        "node": ">=14.0.0"
      }
    },
    "../spark-editor-protocol/node_modules/vscode-languageserver-protocol": {
      "version": "3.17.5",
      "license": "MIT",
      "dependencies": {
        "vscode-jsonrpc": "8.2.0",
        "vscode-languageserver-types": "3.17.5"
      }
    },
    "../spark-editor-protocol/node_modules/vscode-languageserver-types": {
      "version": "3.17.5",
      "license": "MIT"
    },
    "../spark-engine": {
      "name": "@impower/spark-engine",
      "version": "0.0.1",
      "dependencies": {
        "@impower/jsonrpc": "file:../jsonrpc",
        "@impower/sparkdown": "file:../sparkdown"
      }
    },
    "../spark-engine/node_modules/@impower/jsonrpc": {
      "resolved": "../jsonrpc",
      "link": true
    },
    "../spark-engine/node_modules/@impower/sparkdown": {
      "resolved": "../sparkdown",
      "link": true
    },
    "../sparkdown": {
      "name": "@impower/sparkdown",
      "version": "0.0.1",
      "dependencies": {
        "@impower/jsonrpc": "file:../jsonrpc",
        "@impower/sparkle-screen-renderer": "file:../sparkle-screen-renderer",
        "@impower/textmate-grammar-tree": "file:../textmate-grammar-tree",
        "vscode-languageserver-textdocument": "^1.0.12"
      },
      "devDependencies": {
        "esbuild": "^0.18.10"
      },
      "peerDependencies": {
        "@codemirror/state": "^6.5.2",
        "@lezer/common": "^1.2.3"
      }
    },
    "../sparkdown-document-views": {
      "name": "@impower/sparkdown-document-views",
      "version": "0.0.1",
      "dependencies": {
        "@codemirror/autocomplete": "^6.19.0",
        "@codemirror/collab": "^6.1.1",
        "@codemirror/commands": "^6.9.0",
        "@codemirror/lint": "^6.9.0",
        "@codemirror/search": "^6.5.11",
        "@codemirror/state": "^6.5.2",
        "@codemirror/view": "^6.38.6",
        "@impower/codemirror-vscode-language": "file:../codemirror-vscode-language",
        "@impower/jsonrpc": "file:../jsonrpc",
        "@impower/spark-dom": "file:../spark-dom",
        "@impower/spark-editor-protocol": "file:../spark-editor-protocol",
        "@impower/spark-engine": "file:../spark-engine",
        "@impower/sparkdown": "file:../sparkdown",
        "@impower/textmate-grammar-tree": "file:../textmate-grammar-tree",
        "@lezer/common": "^1.2.3"
      }
    },
    "../sparkdown-document-views/node_modules/@codemirror/autocomplete": {
      "version": "6.19.0",
      "license": "MIT",
      "dependencies": {
        "@codemirror/language": "^6.0.0",
        "@codemirror/state": "^6.0.0",
        "@codemirror/view": "^6.17.0",
        "@lezer/common": "^1.0.0"
      }
    },
    "../sparkdown-document-views/node_modules/@codemirror/collab": {
      "version": "6.1.1",
      "license": "MIT",
      "dependencies": {
        "@codemirror/state": "^6.0.0"
      }
    },
    "../sparkdown-document-views/node_modules/@codemirror/commands": {
      "version": "6.9.0",
      "license": "MIT",
      "dependencies": {
        "@codemirror/language": "^6.0.0",
        "@codemirror/state": "^6.4.0",
        "@codemirror/view": "^6.27.0",
        "@lezer/common": "^1.1.0"
      }
    },
    "../sparkdown-document-views/node_modules/@codemirror/language": {
      "version": "6.10.1",
      "license": "MIT",
      "dependencies": {
        "@codemirror/state": "^6.0.0",
        "@codemirror/view": "^6.23.0",
        "@lezer/common": "^1.1.0",
        "@lezer/highlight": "^1.0.0",
        "@lezer/lr": "^1.0.0",
        "style-mod": "^4.0.0"
      }
    },
    "../sparkdown-document-views/node_modules/@codemirror/lint": {
      "version": "6.9.0",
      "license": "MIT",
      "dependencies": {
        "@codemirror/state": "^6.0.0",
        "@codemirror/view": "^6.35.0",
        "crelt": "^1.0.5"
      }
    },
    "../sparkdown-document-views/node_modules/@codemirror/search": {
      "version": "6.5.11",
      "license": "MIT",
      "dependencies": {
        "@codemirror/state": "^6.0.0",
        "@codemirror/view": "^6.0.0",
        "crelt": "^1.0.5"
      }
    },
    "../sparkdown-document-views/node_modules/@codemirror/state": {
      "version": "6.5.2",
      "license": "MIT",
      "dependencies": {
        "@marijn/find-cluster-break": "^1.0.0"
      }
    },
    "../sparkdown-document-views/node_modules/@codemirror/view": {
      "version": "6.38.6",
      "license": "MIT",
      "dependencies": {
        "@codemirror/state": "^6.5.0",
        "crelt": "^1.0.6",
        "style-mod": "^4.1.0",
        "w3c-keyname": "^2.2.4"
      }
    },
    "../sparkdown-document-views/node_modules/@impower/codemirror-vscode-language": {
      "resolved": "../codemirror-vscode-language",
      "link": true
    },
    "../sparkdown-document-views/node_modules/@impower/jsonrpc": {
      "resolved": "../jsonrpc",
      "link": true
    },
    "../sparkdown-document-views/node_modules/@impower/spark-dom": {
      "resolved": "../spark-dom",
      "link": true
    },
    "../sparkdown-document-views/node_modules/@impower/spark-editor-protocol": {
      "resolved": "../spark-editor-protocol",
      "link": true
    },
    "../sparkdown-document-views/node_modules/@impower/spark-engine": {
      "resolved": "../spark-engine",
      "link": true
    },
    "../sparkdown-document-views/node_modules/@impower/sparkdown": {
      "resolved": "../sparkdown",
      "link": true
    },
    "../sparkdown-document-views/node_modules/@impower/textmate-grammar-tree": {
      "resolved": "../textmate-grammar-tree",
      "link": true
    },
    "../sparkdown-document-views/node_modules/@lezer/common": {
      "version": "1.2.3",
      "license": "MIT"
    },
    "../sparkdown-document-views/node_modules/@lezer/highlight": {
      "version": "1.2.0",
      "license": "MIT",
      "dependencies": {
        "@lezer/common": "^1.0.0"
      }
    },
    "../sparkdown-document-views/node_modules/@lezer/lr": {
      "version": "1.4.0",
      "license": "MIT",
      "dependencies": {
        "@lezer/common": "^1.0.0"
      }
    },
    "../sparkdown-document-views/node_modules/@marijn/find-cluster-break": {
      "version": "1.0.2",
      "license": "MIT"
    },
    "../sparkdown-document-views/node_modules/crelt": {
      "version": "1.0.6",
      "license": "MIT"
    },
    "../sparkdown-document-views/node_modules/style-mod": {
      "version": "4.1.2",
      "license": "MIT"
    },
    "../sparkdown-document-views/node_modules/w3c-keyname": {
      "version": "2.2.8",
      "license": "MIT"
    },
    "../textmate-grammar-tree": {
      "name": "@impower/textmate-grammar-tree",
      "version": "1.0.0",
      "peer": true,
      "peerDependencies": {
        "@lezer/common": "^1.2.3"
      }
    },
    "node_modules/@codemirror/state": {
      "version": "6.5.2",
      "license": "MIT",
      "peer": true,
      "dependencies": {
        "@marijn/find-cluster-break": "^1.0.0"
      }
    },
    "node_modules/@esbuild/win32-x64": {
      "version": "0.25.0",
      "cpu": [
        "x64"
      ],
      "dev": true,
      "license": "MIT",
      "optional": true,
      "os": [
        "win32"
      ],
      "engines": {
        "node": ">=18"
      }
    },
    "node_modules/@impower/jsonrpc": {
      "resolved": "../jsonrpc",
      "link": true
    },
    "node_modules/@impower/spark-editor-protocol": {
      "resolved": "../spark-editor-protocol",
      "link": true
    },
    "node_modules/@impower/sparkdown": {
      "resolved": "../sparkdown",
      "link": true
    },
    "node_modules/@impower/sparkdown-document-views": {
      "resolved": "../sparkdown-document-views",
      "link": true
    },
    "node_modules/@impower/textmate-grammar-tree": {
      "resolved": "../textmate-grammar-tree",
      "link": true
    },
    "node_modules/@lezer/common": {
      "version": "1.2.3",
      "license": "MIT",
      "peer": true
    },
    "node_modules/@marijn/find-cluster-break": {
      "version": "1.0.2",
      "license": "MIT",
      "peer": true
    },
    "node_modules/@types/node": {
      "version": "22.13.4",
      "dev": true,
      "license": "MIT",
      "dependencies": {
        "undici-types": "~6.20.0"
      }
    },
    "node_modules/chokidar": {
      "version": "4.0.3",
      "dev": true,
      "license": "MIT",
      "dependencies": {
        "readdirp": "^4.0.1"
      },
      "engines": {
        "node": ">= 14.16.0"
      },
      "funding": {
        "url": "https://paulmillr.com/funding/"
      }
    },
    "node_modules/colord": {
      "version": "2.9.3",
      "license": "MIT"
    },
    "node_modules/esbuild": {
      "version": "0.25.0",
      "dev": true,
      "hasInstallScript": true,
      "license": "MIT",
      "bin": {
        "esbuild": "bin/esbuild"
      },
      "engines": {
        "node": ">=18"
      },
      "optionalDependencies": {
        "@esbuild/aix-ppc64": "0.25.0",
        "@esbuild/android-arm": "0.25.0",
        "@esbuild/android-arm64": "0.25.0",
        "@esbuild/android-x64": "0.25.0",
        "@esbuild/darwin-arm64": "0.25.0",
        "@esbuild/darwin-x64": "0.25.0",
        "@esbuild/freebsd-arm64": "0.25.0",
        "@esbuild/freebsd-x64": "0.25.0",
        "@esbuild/linux-arm": "0.25.0",
        "@esbuild/linux-arm64": "0.25.0",
        "@esbuild/linux-ia32": "0.25.0",
        "@esbuild/linux-loong64": "0.25.0",
        "@esbuild/linux-mips64el": "0.25.0",
        "@esbuild/linux-ppc64": "0.25.0",
        "@esbuild/linux-riscv64": "0.25.0",
        "@esbuild/linux-s390x": "0.25.0",
        "@esbuild/linux-x64": "0.25.0",
        "@esbuild/netbsd-arm64": "0.25.0",
        "@esbuild/netbsd-x64": "0.25.0",
        "@esbuild/openbsd-arm64": "0.25.0",
        "@esbuild/openbsd-x64": "0.25.0",
        "@esbuild/sunos-x64": "0.25.0",
        "@esbuild/win32-arm64": "0.25.0",
        "@esbuild/win32-ia32": "0.25.0",
        "@esbuild/win32-x64": "0.25.0"
      }
    },
    "node_modules/readdirp": {
      "version": "4.1.2",
      "dev": true,
      "license": "MIT",
      "engines": {
        "node": ">= 14.18.0"
      },
      "funding": {
        "type": "individual",
        "url": "https://paulmillr.com/funding/"
      }
    },
    "node_modules/undici-types": {
      "version": "6.20.0",
      "dev": true,
      "license": "MIT"
    },
    "node_modules/vscode-jsonrpc": {
      "version": "8.2.0",
      "license": "MIT",
      "engines": {
        "node": ">=14.0.0"
      }
    },
    "node_modules/vscode-languageserver": {
      "version": "9.0.1",
      "license": "MIT",
      "dependencies": {
        "vscode-languageserver-protocol": "3.17.5"
      },
      "bin": {
        "installServerIntoExtension": "bin/installServerIntoExtension"
      }
    },
    "node_modules/vscode-languageserver-protocol": {
      "version": "3.17.5",
      "license": "MIT",
      "dependencies": {
        "vscode-jsonrpc": "8.2.0",
        "vscode-languageserver-types": "3.17.5"
      }
    },
    "node_modules/vscode-languageserver-textdocument": {
      "version": "1.0.12",
      "license": "MIT"
    },
    "node_modules/vscode-languageserver-types": {
      "version": "3.17.5",
      "license": "MIT"
    }
  }
}
