{
  "name": "screen-webview",
  "version": "0.0.1",
  "lockfileVersion": 3,
  "requires": true,
  "packages": {
    "": {
      "name": "screen-webview",
      "version": "0.0.1",
      "dependencies": {
        "@impower/sparkle-screen-preview": "file:../../../packages/sparkle-screen-preview"
      },
      "devDependencies": {
        "chokidar": "^4.0.3"
      }
    },
    "../../../packages/sparkle-screen-preview": {
      "name": "@impower/sparkle-screen-preview",
      "version": "0.0.1"
    },
    "node_modules/@impower/sparkle-screen-preview": {
      "resolved": "../../../packages/sparkle-screen-preview",
      "link": true
    },
    "node_modules/chokidar": {
      "version": "4.0.3",
      "dev": true,
      "license": "MIT",
      "dependencies": {
        "readdirp": "^4.0.1"
      },
      "engines": {
        "node": ">= 14.16.0"
      },
      "funding": {
        "url": "https://paulmillr.com/funding/"
      }
    },
    "node_modules/readdirp": {
      "version": "4.1.2",
      "dev": true,
      "license": "MIT",
      "engines": {
        "node": ">= 14.18.0"
      },
      "funding": {
        "type": "individual",
        "url": "https://paulmillr.com/funding/"
      }
    }
  }
}
