{
  "name": "screenplay-preview",
  "lockfileVersion": 3,
  "requires": true,
  "packages": {
    "": {
      "dependencies": {
        "@impower/spark-editor-protocol": "file:../../../packages/spark-editor-protocol",
        "@impower/sparkdown-document-views": "file:../../../packages/sparkdown-document-views"
      }
    },
    "../../../packages/spark-editor-protocol": {
      "name": "@impower/spark-editor-protocol",
      "version": "0.0.1",
      "dependencies": {
        "vscode-languageserver-protocol": "^3.17.3"
      }
    },
    "../../../packages/sparkdown-document-views": {
      "name": "@impower/sparkdown-document-views",
      "version": "0.0.1",
      "dependencies": {
        "@codemirror/autocomplete": "^6.8.1",
        "@codemirror/collab": "^6.0.0",
        "@codemirror/commands": "^6.2.4",
        "@codemirror/lint": "^6.3.0",
        "@codemirror/search": "^6.5.0",
        "@codemirror/state": "^6.2.1",
        "@codemirror/view": "^6.14.0"
      }
    },
    "node_modules/@impower/spark-editor-protocol": {
      "resolved": "../../../packages/spark-editor-protocol",
      "link": true
    },
    "node_modules/@impower/sparkdown-document-views": {
      "resolved": "../../../packages/sparkdown-document-views",
      "link": true
    }
  }
}
