{
  "name": "screenplay-preview",
  "lockfileVersion": 3,
  "requires": true,
  "packages": {
    "": {
      "dependencies": {
        "@impower/spark-editor-protocol": "file:../../../packages/spark-editor-protocol",
        "@impower/sparkdown-script-views": "file:../../../packages/sparkdown-script-views",
        "@impower/sparkle": "file:../../../packages/sparkle",
        "colord": "^2.9.3"
      }
    },
    "../../../packages/spark-editor-protocol": {
      "name": "@impower/spark-editor-protocol",
      "version": "0.0.1"
    },
    "../../../packages/sparkdown-script-views": {
      "name": "@impower/sparkdown-script-views",
      "version": "0.0.1",
      "dependencies": {
        "@codemirror/autocomplete": "^6.8.1",
        "@codemirror/collab": "^6.0.0",
        "@codemirror/commands": "^6.2.4",
        "@codemirror/lint": "^6.3.0",
        "@codemirror/search": "^6.5.0",
        "@codemirror/state": "^6.2.1",
        "@codemirror/view": "^6.14.0",
        "@impower/spark-editor-protocol": "file:../spark-editor-protocol",
        "vscode-languageserver": "^8.1.0",
        "vscode-languageserver-protocol": "^3.17.3"
      }
    },
    "../../../packages/sparkle": {
      "name": "@impower/sparkle",
      "version": "0.0.1",
      "devDependencies": {
        "@custom-elements-manifest/analyzer": "^0.8.0",
        "@types/node": "^20.2.1",
        "tsx": "^3.12.7",
        "typescript": "^5.0.4"
      }
    },
    "node_modules/@impower/spark-editor-protocol": {
      "resolved": "../../../packages/spark-editor-protocol",
      "link": true
    },
    "node_modules/@impower/sparkdown-script-views": {
      "resolved": "../../../packages/sparkdown-script-views",
      "link": true
    },
    "node_modules/@impower/sparkle": {
      "resolved": "../../../packages/sparkle",
      "link": true
    },
    "node_modules/colord": {
      "version": "2.9.3",
      "resolved": "https://registry.npmjs.org/colord/-/colord-2.9.3.tgz",
      "integrity": "sha512-jeC1axXpnb0/2nn/Y1LPuLdgXBLH7aDcHu4KEKfqw3CUhX7ZpfBSlPKyqXE6btIgEzfWtrX3/tyBCaCvXvMkOw=="
    }
  }
}
