{
  "name": "screenplay-preview",
  "lockfileVersion": 3,
  "requires": true,
  "packages": {
    "": {
      "dependencies": {
        "@impower/spark-editor-protocol": "file:../../../packages/spark-editor-protocol",
        "@impower/sparkdown-script-views": "file:../../../packages/sparkdown-script-views"
      }
    },
    "../../../packages/spark-editor-protocol": {
      "name": "@impower/spark-editor-protocol",
      "version": "0.0.1"
    },
    "../../../packages/sparkdown-script-views": {
      "name": "@impower/sparkdown-script-views",
      "version": "0.0.1",
      "dependencies": {
        "@codemirror/autocomplete": "^6.8.1",
        "@codemirror/collab": "^6.0.0",
        "@codemirror/commands": "^6.2.4",
        "@codemirror/lint": "^6.3.0",
        "@codemirror/search": "^6.5.0",
        "@codemirror/state": "^6.2.1",
        "@codemirror/view": "^6.14.0",
        "@impower/spark-editor-protocol": "file:../spark-editor-protocol",
        "vscode-languageserver": "^8.1.0",
        "vscode-languageserver-protocol": "^3.17.3"
      }
    },
    "../../../packages/sparkdown-script-views/node_modules/@codemirror/autocomplete": {
      "version": "6.8.1",
      "license": "MIT",
      "dependencies": {
        "@codemirror/language": "^6.0.0",
        "@codemirror/state": "^6.0.0",
        "@codemirror/view": "^6.6.0",
        "@lezer/common": "^1.0.0"
      },
      "peerDependencies": {
        "@codemirror/language": "^6.0.0",
        "@codemirror/state": "^6.0.0",
        "@codemirror/view": "^6.0.0",
        "@lezer/common": "^1.0.0"
      }
    },
    "../../../packages/sparkdown-script-views/node_modules/@codemirror/collab": {
      "version": "6.0.0",
      "license": "MIT",
      "dependencies": {
        "@codemirror/state": "^6.0.0"
      }
    },
    "../../../packages/sparkdown-script-views/node_modules/@codemirror/commands": {
      "version": "6.2.4",
      "license": "MIT",
      "dependencies": {
        "@codemirror/language": "^6.0.0",
        "@codemirror/state": "^6.2.0",
        "@codemirror/view": "^6.0.0",
        "@lezer/common": "^1.0.0"
      }
    },
    "../../../packages/sparkdown-script-views/node_modules/@codemirror/language": {
      "version": "6.7.0",
      "license": "MIT",
      "dependencies": {
        "@codemirror/state": "^6.0.0",
        "@codemirror/view": "^6.0.0",
        "@lezer/common": "^1.0.0",
        "@lezer/highlight": "^1.0.0",
        "@lezer/lr": "^1.0.0",
        "style-mod": "^4.0.0"
      }
    },
    "../../../packages/sparkdown-script-views/node_modules/@codemirror/lint": {
      "version": "6.3.0",
      "license": "MIT",
      "dependencies": {
        "@codemirror/state": "^6.0.0",
        "@codemirror/view": "^6.0.0",
        "crelt": "^1.0.5"
      }
    },
    "../../../packages/sparkdown-script-views/node_modules/@codemirror/search": {
      "version": "6.5.0",
      "license": "MIT",
      "dependencies": {
        "@codemirror/state": "^6.0.0",
        "@codemirror/view": "^6.0.0",
        "crelt": "^1.0.5"
      }
    },
    "../../../packages/sparkdown-script-views/node_modules/@codemirror/state": {
      "version": "6.2.1",
      "license": "MIT"
    },
    "../../../packages/sparkdown-script-views/node_modules/@codemirror/view": {
      "version": "6.14.0",
      "license": "MIT",
      "dependencies": {
        "@codemirror/state": "^6.1.4",
        "style-mod": "^4.0.0",
        "w3c-keyname": "^2.2.4"
      }
    },
    "../../../packages/sparkdown-script-views/node_modules/@impower/spark-editor-protocol": {
      "resolved": "../../../packages/spark-editor-protocol",
      "link": true
    },
    "../../../packages/sparkdown-script-views/node_modules/@lezer/common": {
      "version": "1.0.3",
      "license": "MIT"
    },
    "../../../packages/sparkdown-script-views/node_modules/@lezer/highlight": {
      "version": "1.1.6",
      "license": "MIT",
      "dependencies": {
        "@lezer/common": "^1.0.0"
      }
    },
    "../../../packages/sparkdown-script-views/node_modules/@lezer/lr": {
      "version": "1.3.6",
      "license": "MIT",
      "dependencies": {
        "@lezer/common": "^1.0.0"
      }
    },
    "../../../packages/sparkdown-script-views/node_modules/crelt": {
      "version": "1.0.6",
      "license": "MIT"
    },
    "../../../packages/sparkdown-script-views/node_modules/style-mod": {
      "version": "4.0.3",
      "license": "MIT"
    },
    "../../../packages/sparkdown-script-views/node_modules/vscode-jsonrpc": {
      "version": "8.1.0",
      "license": "MIT",
      "engines": {
        "node": ">=14.0.0"
      }
    },
    "../../../packages/sparkdown-script-views/node_modules/vscode-languageserver": {
      "version": "8.1.0",
      "license": "MIT",
      "dependencies": {
        "vscode-languageserver-protocol": "3.17.3"
      },
      "bin": {
        "installServerIntoExtension": "bin/installServerIntoExtension"
      }
    },
    "../../../packages/sparkdown-script-views/node_modules/vscode-languageserver-protocol": {
      "version": "3.17.3",
      "license": "MIT",
      "dependencies": {
        "vscode-jsonrpc": "8.1.0",
        "vscode-languageserver-types": "3.17.3"
      }
    },
    "../../../packages/sparkdown-script-views/node_modules/vscode-languageserver-types": {
      "version": "3.17.3",
      "license": "MIT"
    },
    "../../../packages/sparkdown-script-views/node_modules/w3c-keyname": {
      "version": "2.2.7",
      "license": "MIT"
    },
    "node_modules/@impower/spark-editor-protocol": {
      "resolved": "../../../packages/spark-editor-protocol",
      "link": true
    },
    "node_modules/@impower/sparkdown-script-views": {
      "resolved": "../../../packages/sparkdown-script-views",
      "link": true
    }
  }
}
