{
  "name": "@impower/spark-engine",
  "version": "0.0.1",
  "lockfileVersion": 3,
  "requires": true,
  "packages": {
    "": {
      "name": "@impower/spark-engine",
      "version": "0.0.1",
      "dependencies": {
        "@impower/jsonrpc": "file:../jsonrpc",
        "@impower/sparkdown": "file:../sparkdown"
      }
    },
    "../jsonrpc": {
      "name": "@impower/jsonrpc",
      "version": "0.0.1"
    },
    "../sparkdown": {
      "name": "@impower/sparkdown",
      "version": "0.0.1",
      "dependencies": {
        "@impower/jsonrpc": "file:../jsonrpc",
        "@impower/sparkle-screen-renderer": "file:../sparkle-screen-renderer",
        "@impower/textmate-grammar-tree": "file:../textmate-grammar-tree",
        "vscode-languageserver-textdocument": "^1.0.12"
      },
      "devDependencies": {
        "esbuild": "^0.18.10"
      },
      "peerDependencies": {
        "@codemirror/state": "^6.5.2",
        "@lezer/common": "^1.2.3"
      }
    },
    "node_modules/@impower/jsonrpc": {
      "resolved": "../jsonrpc",
      "link": true
    },
    "node_modules/@impower/sparkdown": {
      "resolved": "../sparkdown",
      "link": true
    }
  }
}
