{
  "name": "@impower/sparkdown-document-views",
  "version": "0.0.1",
  "lockfileVersion": 3,
  "requires": true,
  "packages": {
    "": {
      "name": "@impower/sparkdown-document-views",
      "version": "0.0.1",
      "dependencies": {
        "@codemirror/autocomplete": "^6.18.7",
        "@codemirror/collab": "^6.1.1",
        "@codemirror/commands": "^6.8.1",
        "@codemirror/lint": "^6.8.5",
        "@codemirror/search": "^6.5.11",
        "@codemirror/state": "^6.5.2",
        "@codemirror/view": "^6.38.2",
        "@impower/spark-dom": "file:../spark-dom",
        "@impower/spark-editor-protocol": "file:../spark-editor-protocol",
        "@impower/spark-engine": "file:../spark-engine",
        "@impower/sparkdown": "file:../sparkdown",
        "@impower/textmate-grammar-tree": "file:../textmate-grammar-tree",
        "@lezer/common": "^1.2.3"
      }
    },
    "../spark-dom": {
      "name": "@impower/spark-dom",
      "version": "0.0.1",
      "dependencies": {
        "@impower/spark-engine": "file:../spark-engine"
      }
    },
    "../spark-dom/node_modules/@impower/spark-engine": {
      "resolved": "../spark-engine",
      "link": true
    },
    "../spark-editor-protocol": {
      "name": "@impower/spark-editor-protocol",
      "version": "0.0.1",
      "dependencies": {
        "vscode-languageserver-protocol": "^3.17.5"
      }
    },
    "../spark-editor-protocol/node_modules/vscode-jsonrpc": {
      "version": "8.2.0",
      "license": "MIT",
      "engines": {
        "node": ">=14.0.0"
      }
    },
    "../spark-editor-protocol/node_modules/vscode-languageserver-protocol": {
      "version": "3.17.5",
      "license": "MIT",
      "dependencies": {
        "vscode-jsonrpc": "8.2.0",
        "vscode-languageserver-types": "3.17.5"
      }
    },
    "../spark-editor-protocol/node_modules/vscode-languageserver-types": {
      "version": "3.17.5",
      "license": "MIT"
    },
    "../spark-engine": {
      "name": "@impower/spark-engine",
      "version": "0.0.1",
      "dependencies": {
        "@impower/sparkdown": "file:../sparkdown"
      }
    },
    "../spark-engine/node_modules/@impower/sparkdown": {
      "resolved": "../sparkdown",
      "link": true
    },
    "../sparkdown": {
      "name": "@impower/sparkdown",
      "version": "0.0.1",
      "dependencies": {
        "@impower/sparkle-screen-renderer": "file:../sparkle-screen-renderer",
        "@impower/textmate-grammar-tree": "file:../textmate-grammar-tree",
        "vscode-languageserver-textdocument": "^1.0.12"
      },
      "devDependencies": {
        "esbuild": "^0.18.10"
      },
      "peerDependencies": {
        "@codemirror/state": "^6.5.2",
        "@lezer/common": "^1.2.3"
      }
    },
    "../sparkdown/node_modules/@codemirror/state": {
      "version": "6.5.2",
      "license": "MIT",
      "peer": true,
      "dependencies": {
        "@marijn/find-cluster-break": "^1.0.0"
      }
    },
    "../sparkdown/node_modules/@esbuild/win32-x64": {
      "version": "0.18.20",
      "cpu": [
        "x64"
      ],
      "dev": true,
      "license": "MIT",
      "optional": true,
      "os": [
        "win32"
      ],
      "engines": {
        "node": ">=12"
      }
    },
    "../sparkdown/node_modules/@impower/sparkle-screen-renderer": {
      "resolved": "../sparkle-screen-renderer",
      "link": true
    },
    "../sparkdown/node_modules/@impower/textmate-grammar-tree": {
      "resolved": "../textmate-grammar-tree",
      "link": true
    },
    "../sparkdown/node_modules/@lezer/common": {
      "version": "1.2.3",
      "license": "MIT",
      "peer": true
    },
    "../sparkdown/node_modules/@marijn/find-cluster-break": {
      "version": "1.0.2",
      "license": "MIT",
      "peer": true
    },
    "../sparkdown/node_modules/esbuild": {
      "version": "0.18.20",
      "dev": true,
      "hasInstallScript": true,
      "license": "MIT",
      "bin": {
        "esbuild": "bin/esbuild"
      },
      "engines": {
        "node": ">=12"
      },
      "optionalDependencies": {
        "@esbuild/android-arm": "0.18.20",
        "@esbuild/android-arm64": "0.18.20",
        "@esbuild/android-x64": "0.18.20",
        "@esbuild/darwin-arm64": "0.18.20",
        "@esbuild/darwin-x64": "0.18.20",
        "@esbuild/freebsd-arm64": "0.18.20",
        "@esbuild/freebsd-x64": "0.18.20",
        "@esbuild/linux-arm": "0.18.20",
        "@esbuild/linux-arm64": "0.18.20",
        "@esbuild/linux-ia32": "0.18.20",
        "@esbuild/linux-loong64": "0.18.20",
        "@esbuild/linux-mips64el": "0.18.20",
        "@esbuild/linux-ppc64": "0.18.20",
        "@esbuild/linux-riscv64": "0.18.20",
        "@esbuild/linux-s390x": "0.18.20",
        "@esbuild/linux-x64": "0.18.20",
        "@esbuild/netbsd-x64": "0.18.20",
        "@esbuild/openbsd-x64": "0.18.20",
        "@esbuild/sunos-x64": "0.18.20",
        "@esbuild/win32-arm64": "0.18.20",
        "@esbuild/win32-ia32": "0.18.20",
        "@esbuild/win32-x64": "0.18.20"
      }
    },
    "../sparkdown/node_modules/vscode-languageserver-textdocument": {
      "version": "1.0.12",
      "license": "MIT"
    },
    "../sparkle-screen-renderer": {
      "name": "@impower/sparkle-screen-renderer",
      "version": "0.0.1"
    },
    "../textmate-grammar-tree": {
      "name": "@impower/textmate-grammar-tree",
      "version": "0.0.1",
      "peerDependencies": {
        "@lezer/common": "^1.2.3"
      }
    },
    "../textmate-grammar-tree/node_modules/@lezer/common": {
      "version": "1.2.3",
      "license": "MIT",
      "peer": true
    },
    "node_modules/@codemirror/autocomplete": {
      "version": "6.18.7",
      "resolved": "https://registry.npmjs.org/@codemirror/autocomplete/-/autocomplete-6.18.7.tgz",
      "integrity": "sha512-8EzdeIoWPJDsMBwz3zdzwXnUpCzMiCyz5/A3FIPpriaclFCGDkAzK13sMcnsu5rowqiyeQN2Vs2TsOcoDPZirQ==",
      "license": "MIT",
      "dependencies": {
        "@codemirror/language": "^6.0.0",
        "@codemirror/state": "^6.0.0",
        "@codemirror/view": "^6.17.0",
        "@lezer/common": "^1.0.0"
      }
    },
    "node_modules/@codemirror/collab": {
      "version": "6.1.1",
      "license": "MIT",
      "dependencies": {
        "@codemirror/state": "^6.0.0"
      }
    },
    "node_modules/@codemirror/commands": {
      "version": "6.8.1",
      "resolved": "https://registry.npmjs.org/@codemirror/commands/-/commands-6.8.1.tgz",
      "integrity": "sha512-KlGVYufHMQzxbdQONiLyGQDUW0itrLZwq3CcY7xpv9ZLRHqzkBSoteocBHtMCoY7/Ci4xhzSrToIeLg7FxHuaw==",
      "license": "MIT",
      "dependencies": {
        "@codemirror/language": "^6.0.0",
        "@codemirror/state": "^6.4.0",
        "@codemirror/view": "^6.27.0",
        "@lezer/common": "^1.1.0"
      }
    },
    "node_modules/@codemirror/language": {
      "version": "6.10.1",
      "license": "MIT",
      "dependencies": {
        "@codemirror/state": "^6.0.0",
        "@codemirror/view": "^6.23.0",
        "@lezer/common": "^1.1.0",
        "@lezer/highlight": "^1.0.0",
        "@lezer/lr": "^1.0.0",
        "style-mod": "^4.0.0"
      }
    },
    "node_modules/@codemirror/lint": {
      "version": "6.8.5",
      "resolved": "https://registry.npmjs.org/@codemirror/lint/-/lint-6.8.5.tgz",
      "integrity": "sha512-s3n3KisH7dx3vsoeGMxsbRAgKe4O1vbrnKBClm99PU0fWxmxsx5rR2PfqQgIt+2MMJBHbiJ5rfIdLYfB9NNvsA==",
      "license": "MIT",
      "dependencies": {
        "@codemirror/state": "^6.0.0",
        "@codemirror/view": "^6.35.0",
        "crelt": "^1.0.5"
      }
    },
    "node_modules/@codemirror/search": {
      "version": "6.5.11",
      "resolved": "https://registry.npmjs.org/@codemirror/search/-/search-6.5.11.tgz",
      "integrity": "sha512-KmWepDE6jUdL6n8cAAqIpRmLPBZ5ZKnicE8oGU/s3QrAVID+0VhLFrzUucVKHG5035/BSykhExDL/Xm7dHthiA==",
      "license": "MIT",
      "dependencies": {
        "@codemirror/state": "^6.0.0",
        "@codemirror/view": "^6.0.0",
        "crelt": "^1.0.5"
      }
    },
    "node_modules/@codemirror/state": {
      "version": "6.5.2",
      "license": "MIT",
      "dependencies": {
        "@marijn/find-cluster-break": "^1.0.0"
      }
    },
    "node_modules/@codemirror/view": {
      "version": "6.38.2",
      "resolved": "https://registry.npmjs.org/@codemirror/view/-/view-6.38.2.tgz",
      "integrity": "sha512-bTWAJxL6EOFLPzTx+O5P5xAO3gTqpatQ2b/ARQ8itfU/v2LlpS3pH2fkL0A3E/Fx8Y2St2KES7ZEV0sHTsSW/A==",
      "license": "MIT",
      "dependencies": {
        "@codemirror/state": "^6.5.0",
        "crelt": "^1.0.6",
        "style-mod": "^4.1.0",
        "w3c-keyname": "^2.2.4"
      }
    },
    "node_modules/@impower/spark-dom": {
      "resolved": "../spark-dom",
      "link": true
    },
    "node_modules/@impower/spark-editor-protocol": {
      "resolved": "../spark-editor-protocol",
      "link": true
    },
    "node_modules/@impower/spark-engine": {
      "resolved": "../spark-engine",
      "link": true
    },
    "node_modules/@impower/sparkdown": {
      "resolved": "../sparkdown",
      "link": true
    },
    "node_modules/@impower/textmate-grammar-tree": {
      "resolved": "../textmate-grammar-tree",
      "link": true
    },
    "node_modules/@lezer/common": {
      "version": "1.2.3",
      "license": "MIT"
    },
    "node_modules/@lezer/highlight": {
      "version": "1.2.0",
      "license": "MIT",
      "dependencies": {
        "@lezer/common": "^1.0.0"
      }
    },
    "node_modules/@lezer/lr": {
      "version": "1.4.0",
      "license": "MIT",
      "dependencies": {
        "@lezer/common": "^1.0.0"
      }
    },
    "node_modules/@marijn/find-cluster-break": {
      "version": "1.0.2",
      "license": "MIT"
    },
    "node_modules/crelt": {
      "version": "1.0.6",
      "license": "MIT"
    },
    "node_modules/style-mod": {
      "version": "4.1.2",
      "license": "MIT"
    },
    "node_modules/w3c-keyname": {
      "version": "2.2.8",
      "license": "MIT"
    }
  }
}
