{
  "name": "game-webview",
  "version": "0.0.1",
  "lockfileVersion": 3,
  "requires": true,
  "packages": {
    "": {
      "name": "game-webview",
      "version": "0.0.1",
      "dependencies": {
        "@impower/spark-dom": "file:../../../packages/spark-dom",
        "@impower/spark-editor-protocol": "file:../../../packages/spark-editor-protocol",
        "@impower/spark-engine": "file:../../../packages/spark-engine",
        "@impower/spark-web-player": "file:../../../packages/spark-web-player",
        "@impower/sparkdown": "file:../../../packages/sparkdown"
      }
    },
    "../../../packages/spark-dom": {
      "name": "@impower/spark-dom",
      "version": "0.0.1",
      "dependencies": {
        "@impower/spark-engine": "file:../spark-engine"
      }
    },
    "../../../packages/spark-editor-protocol": {
      "name": "@impower/spark-editor-protocol",
      "version": "0.0.1",
      "dependencies": {
        "vscode-languageserver-protocol": "^3.17.5"
      }
    },
    "../../../packages/spark-engine": {
      "name": "@impower/spark-engine",
      "version": "0.0.1",
      "dependencies": {
        "@impower/sparkdown": "file:../sparkdown"
      }
    },
    "../../../packages/spark-web-player": {
      "name": "@impower/spark-web-player",
      "version": "0.0.1",
      "dependencies": {
        "@impower/spark-dom": "file:../spark-dom",
        "@impower/spark-editor-protocol": "file:../spark-editor-protocol",
        "@impower/spark-engine": "file:../spark-engine",
        "@impower/sparkdown": "file:../sparkdown",
        "gl-matrix": "^3.4.3",
        "pixi.js": "^8.9.1"
      },
      "devDependencies": {
        "dts-bundle-generator": "^9.5.1"
      }
    },
    "../../../packages/sparkdown": {
      "name": "@impower/sparkdown",
      "version": "0.0.1",
      "dependencies": {
        "@impower/textmate-grammar-tree": "file:../textmate-grammar-tree",
        "vscode-languageserver-textdocument": "^1.0.12"
      },
      "devDependencies": {
        "esbuild": "^0.18.10"
      },
      "peerDependencies": {
        "@codemirror/state": "^6.5.2",
        "@lezer/common": "^1.2.3"
      }
    },
    "node_modules/@impower/spark-dom": {
      "resolved": "../../../packages/spark-dom",
      "link": true
    },
    "node_modules/@impower/spark-editor-protocol": {
      "resolved": "../../../packages/spark-editor-protocol",
      "link": true
    },
    "node_modules/@impower/spark-engine": {
      "resolved": "../../../packages/spark-engine",
      "link": true
    },
    "node_modules/@impower/spark-web-player": {
      "resolved": "../../../packages/spark-web-player",
      "link": true
    },
    "node_modules/@impower/sparkdown": {
      "resolved": "../../../packages/sparkdown",
      "link": true
    }
  }
}
