{
  "name": "game-webview",
  "lockfileVersion": 3,
  "requires": true,
  "packages": {
    "": {
      "dependencies": {
        "@impower/spark-dom": "file:../../../packages/spark-dom",
        "@impower/spark-editor-protocol": "file:../../../packages/spark-editor-protocol",
        "@impower/spark-engine": "file:../../../packages/spark-engine",
        "@impower/spark-web-player": "file:../../../packages/spark-web-player"
      }
    },
    "../../../packages/spark-dom": {
      "name": "@impower/spark-dom",
      "version": "0.0.1"
    },
    "../../../packages/spark-editor-protocol": {
      "name": "@impower/spark-editor-protocol",
      "version": "0.0.1",
      "dependencies": {
        "vscode-languageserver-protocol": "^3.17.5"
      }
    },
    "../../../packages/spark-engine": {
      "name": "@impower/spark-engine",
      "version": "0.0.1"
    },
    "../../../packages/spark-web-player": {
      "name": "@impower/spark-web-player",
      "version": "0.0.1",
      "dependencies": {
        "three": "^0.155.0"
      },
      "devDependencies": {
        "@types/three": "^0.155.0"
      }
    },
    "node_modules/@impower/spark-dom": {
      "resolved": "../../../packages/spark-dom",
      "link": true
    },
    "node_modules/@impower/spark-editor-protocol": {
      "resolved": "../../../packages/spark-editor-protocol",
      "link": true
    },
    "node_modules/@impower/spark-engine": {
      "resolved": "../../../packages/spark-engine",
      "link": true
    },
    "node_modules/@impower/spark-web-player": {
      "resolved": "../../../packages/spark-web-player",
      "link": true
    }
  }
}
