{
  "name": "@impower/sparkdown-screenplay",
  "version": "0.0.1",
  "lockfileVersion": 3,
  "requires": true,
  "packages": {
    "": {
      "name": "@impower/sparkdown-screenplay",
      "version": "0.0.1",
      "dependencies": {
        "@impower/textmate-grammar-tree": "file:../textmate-grammar-tree"
      },
      "peerDependencies": {
        "@lezer/common": "^1.2.3"
      }
    },
    "../textmate-grammar-tree": {
      "name": "@impower/textmate-grammar-tree",
      "version": "0.0.1",
      "peerDependencies": {
        "@lezer/common": "^1.2.3"
      }
    },
    "node_modules/@impower/textmate-grammar-tree": {
      "resolved": "../textmate-grammar-tree",
      "link": true
    },
    "node_modules/@lezer/common": {
      "version": "1.2.3",
      "resolved": "https://registry.npmjs.org/@lezer/common/-/common-1.2.3.tgz",
      "integrity": "sha512-w7ojc8ejBqr2REPsWxJjrMFsA/ysDCFICn8zEOR9mrqzOu2amhITYuLD8ag6XZf0CFXDrhKqw7+tW8cX66NaDA==",
      "license": "MIT",
      "peer": true
    }
  }
}
