{
  "name": "game-preview",
  "lockfileVersion": 3,
  "requires": true,
  "packages": {
    "": {
      "dependencies": {
        "@impower/spark-dom": "file:../../../packages/spark-dom",
        "@impower/spark-editor-protocol": "file:../../../packages/spark-editor-protocol",
        "@impower/spark-engine": "file:../../../packages/spark-engine"
      }
    },
    "../../../packages/spark-dom": {
      "version": "0.0.1"
    },
    "../../../packages/spark-editor-protocol": {
      "name": "@impower/spark-editor-protocol",
      "version": "0.0.1"
    },
    "../../../packages/spark-engine": {
      "name": "@impower/spark-engine",
      "version": "0.0.1"
    },
    "node_modules/@impower/spark-dom": {
      "resolved": "../../../packages/spark-dom",
      "link": true
    },
    "node_modules/@impower/spark-editor-protocol": {
      "resolved": "../../../packages/spark-editor-protocol",
      "link": true
    },
    "node_modules/@impower/spark-engine": {
      "resolved": "../../../packages/spark-engine",
      "link": true
    }
  }
}
